
Microsoft Visual Studio Solution File, Format Version 12.00
# Visual Studio Version 17
VisualStudioVersion = 17.10.35122.118
MinimumVisualStudioVersion = 10.0.40219.1
Project("{FAE04EC0-301F-11D3-BF4B-00C04F79EFBC}") = "LearnClassLibrary", "LearnClassLibrary\LearnClassLibrary.csproj", "{B886FEE6-D06E-4359-92BD-C7E9EDEEF537}"
EndProject
Project("{FAE04EC0-301F-11D3-BF4B-00C04F79EFBC}") = "LearnClassLibrary.Tests1", "LearnClassLibrary.Tests1\LearnClassLibrary.Tests1.csproj", "{09D689EB-DC33-4DFF-8CE3-EC8EBECAA86E}"
EndProject
Global
	GlobalSection(SolutionConfigurationPlatforms) = preSolution
		Debug|Any CPU = Debug|Any CPU
		Release|Any CPU = Release|Any CPU
	EndGlobalSection
	GlobalSection(ProjectConfigurationPlatforms) = postSolution
		{B886FEE6-D06E-4359-92BD-C7E9EDEEF537}.Debug|Any CPU.ActiveCfg = Debug|Any CPU
		{B886FEE6-D06E-4359-92BD-C7E9EDEEF537}.Debug|Any CPU.Build.0 = Debug|Any CPU
		{B886FEE6-D06E-4359-92BD-C7E9EDEEF537}.Release|Any CPU.ActiveCfg = Release|Any CPU
		{B886FEE6-D06E-4359-92BD-C7E9EDEEF537}.Release|Any CPU.Build.0 = Release|Any CPU
		{09D689EB-DC33-4DFF-8CE3-EC8EBECAA86E}.Debug|Any CPU.ActiveCfg = Debug|Any CPU
		{09D689EB-DC33-4DFF-8CE3-EC8EBECAA86E}.Debug|Any CPU.Build.0 = Debug|Any CPU
		{09D689EB-DC33-4DFF-8CE3-EC8EBECAA86E}.Release|Any CPU.ActiveCfg = Release|Any CPU
		{09D689EB-DC33-4DFF-8CE3-EC8EBECAA86E}.Release|Any CPU.Build.0 = Release|Any CPU
	EndGlobalSection
	GlobalSection(SolutionProperties) = preSolution
		HideSolutionNode = FALSE
	EndGlobalSection
	GlobalSection(ExtensibilityGlobals) = postSolution
		SolutionGuid = {1C1B656E-1D02-4976-BBAC-0BAB63BA5428}
	EndGlobalSection
EndGlobal
